
Microsoft Visual Studio Solution File, Format Version 12.00
# Visual Studio Version 17
VisualStudioVersion = 17.10.35027.167
MinimumVisualStudioVersion = 10.0.40219.1
Project("{FAE04EC0-301F-11D3-BF4B-00C04F79EFBC}") = "beecrowd _1000", "beecrowd _1010\beecrowd _1000.csproj", "{D34C9E37-BA4D-47BC-B3DE-92685F00F066}"
EndProject
Global
	GlobalSection(SolutionConfigurationPlatforms) = preSolution
		Debug|Any CPU = Debug|Any CPU
		Release|Any CPU = Release|Any CPU
	EndGlobalSection
	GlobalSection(ProjectConfigurationPlatforms) = postSolution
		{D34C9E37-BA4D-47BC-B3DE-92685F00F066}.Debug|Any CPU.ActiveCfg = Debug|Any CPU
		{D34C9E37-BA4D-47BC-B3DE-92685F00F066}.Debug|Any CPU.Build.0 = Debug|Any CPU
		{D34C9E37-BA4D-47BC-B3DE-92685F00F066}.Release|Any CPU.ActiveCfg = Release|Any CPU
		{D34C9E37-BA4D-47BC-B3DE-92685F00F066}.Release|Any CPU.Build.0 = Release|Any CPU
	EndGlobalSection
	GlobalSection(SolutionProperties) = preSolution
		HideSolutionNode = FALSE
	EndGlobalSection
	GlobalSection(ExtensibilityGlobals) = postSolution
		SolutionGuid = {96586CBB-7002-438C-80D0-BE1E0EF33ABA}
	EndGlobalSection
EndGlobal
